// !$*UTF8*$!
{
	archiveVersion = 1;
	classes = {
	};
	objectVersion = 55;
	objects = {

/* Begin PBXBuildFile section */
		B6085E8A27A759B00088E3AB /* AppDelegate.swift in Sources */ = {isa = PBXBuildFile; fileRef = B6085E8927A759B00088E3AB /* AppDelegate.swift */; };
		B6085E8C27A759B00088E3AB /* SceneDelegate.swift in Sources */ = {isa = PBXBuildFile; fileRef = B6085E8B27A759B00088E3AB /* SceneDelegate.swift */; };
		B6085E8E27A759B00088E3AB /* SearchViewController.swift in Sources */ = {isa = PBXBuildFile; fileRef = B6085E8D27A759B00088E3AB /* SearchViewController.swift */; };
		B6085E9127A759B00088E3AB /* Main.storyboard in Resources */ = {isa = PBXBuildFile; fileRef = B6085E8F27A759B00088E3AB /* Main.storyboard */; };
		B6085E9327A759B30088E3AB /* Assets.xcassets in Resources */ = {isa = PBXBuildFile; fileRef = B6085E9227A759B30088E3AB /* Assets.xcassets */; };
		B6085E9627A759B30088E3AB /* LaunchScreen.storyboard in Resources */ = {isa = PBXBuildFile; fileRef = B6085E9427A759B30088E3AB /* LaunchScreen.storyboard */; };
		B6085EBD27A7605B0088E3AB /* Search.swift in Sources */ = {isa = PBXBuildFile; fileRef = B6085EBC27A7605B0088E3AB /* Search.swift */; };
		B6085EBF27A7610B0088E3AB /* Show.swift in Sources */ = {isa = PBXBuildFile; fileRef = B6085EBE27A7610B0088E3AB /* Show.swift */; };
		B6085EC127A768590088E3AB /* Constants.swift in Sources */ = {isa = PBXBuildFile; fileRef = B6085EC027A768590088E3AB /* Constants.swift */; };
		B6085ECB27A864C20088E3AB /* SearchTableViewCell.swift in Sources */ = {isa = PBXBuildFile; fileRef = B6085ECA27A864C20088E3AB /* SearchTableViewCell.swift */; };
		B6085ECE27A86C530088E3AB /* Extensions.swift in Sources */ = {isa = PBXBuildFile; fileRef = B6085ECD27A86C520088E3AB /* Extensions.swift */; };
		B68C7AE927A89E76002F75E8 /* ShowViewController.swift in Sources */ = {isa = PBXBuildFile; fileRef = B68C7AE827A89E76002F75E8 /* ShowViewController.swift */; };
		B68C7AEB27A8BA3D002F75E8 /* EpisodeCollectionViewCell.swift in Sources */ = {isa = PBXBuildFile; fileRef = B68C7AEA27A8BA3D002F75E8 /* EpisodeCollectionViewCell.swift */; };
		B68C7AED27A96F13002F75E8 /* EpisodeViewController.swift in Sources */ = {isa = PBXBuildFile; fileRef = B68C7AEC27A96F13002F75E8 /* EpisodeViewController.swift */; };
		B68C7AEF27A980B0002F75E8 /* HomeViewController.swift in Sources */ = {isa = PBXBuildFile; fileRef = B68C7AEE27A980AF002F75E8 /* HomeViewController.swift */; };
		B68C7AF127A982E7002F75E8 /* HomeTableViewCell.swift in Sources */ = {isa = PBXBuildFile; fileRef = B68C7AF027A982E7002F75E8 /* HomeTableViewCell.swift */; };
/* End PBXBuildFile section */

/* Begin PBXContainerItemProxy section */
		B6085E9D27A759B40088E3AB /* PBXContainerItemProxy */ = {
			isa = PBXContainerItemProxy;
			containerPortal = B6085E7E27A759B00088E3AB /* Project object */;
			proxyType = 1;
			remoteGlobalIDString = B6085E8527A759B00088E3AB;
			remoteInfo = "IOS Challenge - TV API";
		};
		B6085EA727A759B40088E3AB /* PBXContainerItemProxy */ = {
			isa = PBXContainerItemProxy;
			containerPortal = B6085E7E27A759B00088E3AB /* Project object */;
			proxyType = 1;
			remoteGlobalIDString = B6085E8527A759B00088E3AB;
			remoteInfo = "IOS Challenge - TV API";
		};
/* End PBXContainerItemProxy section */

/* Begin PBXFileReference section */
		B6085E8627A759B00088E3AB /* IOS Challenge - TV API.app */ = {isa = PBXFileReference; explicitFileType = wrapper.application; includeInIndex = 0; path = "IOS Challenge - TV API.app"; sourceTree = BUILT_PRODUCTS_DIR; };
		B6085E8927A759B00088E3AB /* AppDelegate.swift */ = {isa = PBXFileReference; lastKnownFileType = sourcecode.swift; path = AppDelegate.swift; sourceTree = "<group>"; };
		B6085E8B27A759B00088E3AB /* SceneDelegate.swift */ = {isa = PBXFileReference; lastKnownFileType = sourcecode.swift; path = SceneDelegate.swift; sourceTree = "<group>"; };
		B6085E8D27A759B00088E3AB /* SearchViewController.swift */ = {isa = PBXFileReference; lastKnownFileType = sourcecode.swift; path = SearchViewController.swift; sourceTree = "<group>"; };
		B6085E9027A759B00088E3AB /* Base */ = {isa = PBXFileReference; lastKnownFileType = file.storyboard; name = Base; path = Base.lproj/Main.storyboard; sourceTree = "<group>"; };
		B6085E9227A759B30088E3AB /* Assets.xcassets */ = {isa = PBXFileReference; lastKnownFileType = folder.assetcatalog; path = Assets.xcassets; sourceTree = "<group>"; };
		B6085E9527A759B30088E3AB /* Base */ = {isa = PBXFileReference; lastKnownFileType = file.storyboard; name = Base; path = Base.lproj/LaunchScreen.storyboard; sourceTree = "<group>"; };
		B6085E9727A759B30088E3AB /* Info.plist */ = {isa = PBXFileReference; lastKnownFileType = text.plist.xml; path = Info.plist; sourceTree = "<group>"; };
		B6085E9C27A759B40088E3AB /* IOS Challenge - TV APITests.xctest */ = {isa = PBXFileReference; explicitFileType = wrapper.cfbundle; includeInIndex = 0; path = "IOS Challenge - TV APITests.xctest"; sourceTree = BUILT_PRODUCTS_DIR; };
		B6085EA627A759B40088E3AB /* IOS Challenge - TV APIUITests.xctest */ = {isa = PBXFileReference; explicitFileType = wrapper.cfbundle; includeInIndex = 0; path = "IOS Challenge - TV APIUITests.xctest"; sourceTree = BUILT_PRODUCTS_DIR; };
		B6085EBC27A7605B0088E3AB /* Search.swift */ = {isa = PBXFileReference; lastKnownFileType = sourcecode.swift; path = Search.swift; sourceTree = "<group>"; };
		B6085EBE27A7610B0088E3AB /* Show.swift */ = {isa = PBXFileReference; lastKnownFileType = sourcecode.swift; path = Show.swift; sourceTree = "<group>"; };
		B6085EC027A768590088E3AB /* Constants.swift */ = {isa = PBXFileReference; lastKnownFileType = sourcecode.swift; path = Constants.swift; sourceTree = "<group>"; };
		B6085ECA27A864C20088E3AB /* SearchTableViewCell.swift */ = {isa = PBXFileReference; lastKnownFileType = sourcecode.swift; path = SearchTableViewCell.swift; sourceTree = "<group>"; };
		B6085ECD27A86C520088E3AB /* Extensions.swift */ = {isa = PBXFileReference; lastKnownFileType = sourcecode.swift; path = Extensions.swift; sourceTree = "<group>"; };
		B68C7AE827A89E76002F75E8 /* ShowViewController.swift */ = {isa = PBXFileReference; lastKnownFileType = sourcecode.swift; path = ShowViewController.swift; sourceTree = "<group>"; };
		B68C7AEA27A8BA3D002F75E8 /* EpisodeCollectionViewCell.swift */ = {isa = PBXFileReference; lastKnownFileType = sourcecode.swift; path = EpisodeCollectionViewCell.swift; sourceTree = "<group>"; };
		B68C7AEC27A96F13002F75E8 /* EpisodeViewController.swift */ = {isa = PBXFileReference; lastKnownFileType = sourcecode.swift; path = EpisodeViewController.swift; sourceTree = "<group>"; };
		B68C7AEE27A980AF002F75E8 /* HomeViewController.swift */ = {isa = PBXFileReference; lastKnownFileType = sourcecode.swift; path = HomeViewController.swift; sourceTree = "<group>"; };
		B68C7AF027A982E7002F75E8 /* HomeTableViewCell.swift */ = {isa = PBXFileReference; lastKnownFileType = sourcecode.swift; path = HomeTableViewCell.swift; sourceTree = "<group>"; };
/* End PBXFileReference section */

/* Begin PBXFrameworksBuildPhase section */
		B6085E8327A759B00088E3AB /* Frameworks */ = {
			isa = PBXFrameworksBuildPhase;
			buildActionMask = 2147483647;
			files = (
			);
			runOnlyForDeploymentPostprocessing = 0;
		};
		B6085E9927A759B40088E3AB /* Frameworks */ = {
			isa = PBXFrameworksBuildPhase;
			buildActionMask = 2147483647;
			files = (
			);
			runOnlyForDeploymentPostprocessing = 0;
		};
		B6085EA327A759B40088E3AB /* Frameworks */ = {
			isa = PBXFrameworksBuildPhase;
			buildActionMask = 2147483647;
			files = (
			);
			runOnlyForDeploymentPostprocessing = 0;
		};
/* End PBXFrameworksBuildPhase section */

/* Begin PBXGroup section */
		B6085E7D27A759B00088E3AB = {
			isa = PBXGroup;
			children = (
				B6085E8827A759B00088E3AB /* IOS Challenge - TV API */,
				B6085E8727A759B00088E3AB /* Products */,
			);
			sourceTree = "<group>";
		};
		B6085E8727A759B00088E3AB /* Products */ = {
			isa = PBXGroup;
			children = (
				B6085E8627A759B00088E3AB /* IOS Challenge - TV API.app */,
				B6085E9C27A759B40088E3AB /* IOS Challenge - TV APITests.xctest */,
				B6085EA627A759B40088E3AB /* IOS Challenge - TV APIUITests.xctest */,
			);
			name = Products;
			sourceTree = "<group>";
		};
		B6085E8827A759B00088E3AB /* IOS Challenge - TV API */ = {
			isa = PBXGroup;
			children = (
				B6085EC427A7692E0088E3AB /* Helper */,
				B6085EBB27A760300088E3AB /* View */,
				B6085EBA27A7602B0088E3AB /* Controller */,
				B6085EB927A760270088E3AB /* Model */,
				B6085E8927A759B00088E3AB /* AppDelegate.swift */,
				B6085E8B27A759B00088E3AB /* SceneDelegate.swift */,
				B6085E9727A759B30088E3AB /* Info.plist */,
			);
			path = "IOS Challenge - TV API";
			sourceTree = "<group>";
		};
		B6085EB927A760270088E3AB /* Model */ = {
			isa = PBXGroup;
			children = (
				B6085EBC27A7605B0088E3AB /* Search.swift */,
				B6085EBE27A7610B0088E3AB /* Show.swift */,
			);
			path = Model;
			sourceTree = "<group>";
		};
		B6085EBA27A7602B0088E3AB /* Controller */ = {
			isa = PBXGroup;
			children = (
				B6085E8D27A759B00088E3AB /* SearchViewController.swift */,
				B68C7AE827A89E76002F75E8 /* ShowViewController.swift */,
				B68C7AEC27A96F13002F75E8 /* EpisodeViewController.swift */,
				B68C7AEE27A980AF002F75E8 /* HomeViewController.swift */,
			);
			path = Controller;
			sourceTree = "<group>";
		};
		B6085EBB27A760300088E3AB /* View */ = {
			isa = PBXGroup;
			children = (
				B68C7AF327AA0E26002F75E8 /* Custom Cells */,
				B6085E8F27A759B00088E3AB /* Main.storyboard */,
				B6085E9427A759B30088E3AB /* LaunchScreen.storyboard */,
				B6085E9227A759B30088E3AB /* Assets.xcassets */,
			);
			path = View;
			sourceTree = "<group>";
		};
		B6085EC427A7692E0088E3AB /* Helper */ = {
			isa = PBXGroup;
			children = (
				B6085EC027A768590088E3AB /* Constants.swift */,
				B6085ECD27A86C520088E3AB /* Extensions.swift */,
			);
			path = Helper;
			sourceTree = "<group>";
		};
		B68C7AF327AA0E26002F75E8 /* Custom Cells */ = {
			isa = PBXGroup;
			children = (
				B6085ECA27A864C20088E3AB /* SearchTableViewCell.swift */,
				B68C7AEA27A8BA3D002F75E8 /* EpisodeCollectionViewCell.swift */,
				B68C7AF027A982E7002F75E8 /* HomeTableViewCell.swift */,
			);
			path = "Custom Cells";
			sourceTree = "<group>";
		};
/* End PBXGroup section */

/* Begin PBXNativeTarget section */
		B6085E8527A759B00088E3AB /* IOS Challenge - TV API */ = {
			isa = PBXNativeTarget;
			buildConfigurationList = B6085EB027A759B40088E3AB /* Build configuration list for PBXNativeTarget "IOS Challenge - TV API" */;
			buildPhases = (
				B6085E8227A759B00088E3AB /* Sources */,
				B6085E8327A759B00088E3AB /* Frameworks */,
				B6085E8427A759B00088E3AB /* Resources */,
			);
			buildRules = (
			);
			dependencies = (
			);
			name = "IOS Challenge - TV API";
			productName = "IOS Challenge - TV API";
			productReference = B6085E8627A759B00088E3AB /* IOS Challenge - TV API.app */;
			productType = "com.apple.product-type.application";
		};
		B6085E9B27A759B40088E3AB /* IOS Challenge - TV APITests */ = {
			isa = PBXNativeTarget;
			buildConfigurationList = B6085EB327A759B40088E3AB /* Build configuration list for PBXNativeTarget "IOS Challenge - TV APITests" */;
			buildPhases = (
				B6085E9827A759B40088E3AB /* Sources */,
				B6085E9927A759B40088E3AB /* Frameworks */,
				B6085E9A27A759B40088E3AB /* Resources */,
			);
			buildRules = (
			);
			dependencies = (
				B6085E9E27A759B40088E3AB /* PBXTargetDependency */,
			);
			name = "IOS Challenge - TV APITests";
			productName = "IOS Challenge - TV APITests";
			productReference = B6085E9C27A759B40088E3AB /* IOS Challenge - TV APITests.xctest */;
			productType = "com.apple.product-type.bundle.unit-test";
		};
		B6085EA527A759B40088E3AB /* IOS Challenge - TV APIUITests */ = {
			isa = PBXNativeTarget;
			buildConfigurationList = B6085EB627A759B40088E3AB /* Build configuration list for PBXNativeTarget "IOS Challenge - TV APIUITests" */;
			buildPhases = (
				B6085EA227A759B40088E3AB /* Sources */,
				B6085EA327A759B40088E3AB /* Frameworks */,
				B6085EA427A759B40088E3AB /* Resources */,
			);
			buildRules = (
			);
			dependencies = (
				B6085EA827A759B40088E3AB /* PBXTargetDependency */,
			);
			name = "IOS Challenge - TV APIUITests";
			productName = "IOS Challenge - TV APIUITests";
			productReference = B6085EA627A759B40088E3AB /* IOS Challenge - TV APIUITests.xctest */;
			productType = "com.apple.product-type.bundle.ui-testing";
		};
/* End PBXNativeTarget section */

/* Begin PBXProject section */
		B6085E7E27A759B00088E3AB /* Project object */ = {
			isa = PBXProject;
			attributes = {
				BuildIndependentTargetsInParallel = 1;
				LastSwiftUpdateCheck = 1320;
				LastUpgradeCheck = 1320;
				TargetAttributes = {
					B6085E8527A759B00088E3AB = {
						CreatedOnToolsVersion = 13.2.1;
					};
					B6085E9B27A759B40088E3AB = {
						CreatedOnToolsVersion = 13.2.1;
						TestTargetID = B6085E8527A759B00088E3AB;
					};
					B6085EA527A759B40088E3AB = {
						CreatedOnToolsVersion = 13.2.1;
						TestTargetID = B6085E8527A759B00088E3AB;
					};
				};
			};
			buildConfigurationList = B6085E8127A759B00088E3AB /* Build configuration list for PBXProject "IOS Challenge - TV API" */;
			compatibilityVersion = "Xcode 13.0";
			developmentRegion = en;
			hasScannedForEncodings = 0;
			knownRegions = (
				en,
				Base,
			);
			mainGroup = B6085E7D27A759B00088E3AB;
			productRefGroup = B6085E8727A759B00088E3AB /* Products */;
			projectDirPath = "";
			projectRoot = "";
			targets = (
				B6085E8527A759B00088E3AB /* IOS Challenge - TV API */,
				B6085E9B27A759B40088E3AB /* IOS Challenge - TV APITests */,
				B6085EA527A759B40088E3AB /* IOS Challenge - TV APIUITests */,
			);
		};
/* End PBXProject section */

/* Begin PBXResourcesBuildPhase section */
		B6085E8427A759B00088E3AB /* Resources */ = {
			isa = PBXResourcesBuildPhase;
			buildActionMask = 2147483647;
			files = (
				B6085E9627A759B30088E3AB /* LaunchScreen.storyboard in Resources */,
				B6085E9327A759B30088E3AB /* Assets.xcassets in Resources */,
				B6085E9127A759B00088E3AB /* Main.storyboard in Resources */,
			);
			runOnlyForDeploymentPostprocessing = 0;
		};
		B6085E9A27A759B40088E3AB /* Resources */ = {
			isa = PBXResourcesBuildPhase;
			buildActionMask = 2147483647;
			files = (
			);
			runOnlyForDeploymentPostprocessing = 0;
		};
		B6085EA427A759B40088E3AB /* Resources */ = {
			isa = PBXResourcesBuildPhase;
			buildActionMask = 2147483647;
			files = (
			);
			runOnlyForDeploymentPostprocessing = 0;
		};
/* End PBXResourcesBuildPhase section */

/* Begin PBXSourcesBuildPhase section */
		B6085E8227A759B00088E3AB /* Sources */ = {
			isa = PBXSourcesBuildPhase;
			buildActionMask = 2147483647;
			files = (
				B6085E8E27A759B00088E3AB /* SearchViewController.swift in Sources */,
				B6085EBD27A7605B0088E3AB /* Search.swift in Sources */,
				B6085E8A27A759B00088E3AB /* AppDelegate.swift in Sources */,
				B68C7AE927A89E76002F75E8 /* ShowViewController.swift in Sources */,
				B68C7AEF27A980B0002F75E8 /* HomeViewController.swift in Sources */,
				B68C7AF127A982E7002F75E8 /* HomeTableViewCell.swift in Sources */,
				B68C7AEB27A8BA3D002F75E8 /* EpisodeCollectionViewCell.swift in Sources */,
				B6085E8C27A759B00088E3AB /* SceneDelegate.swift in Sources */,
				B6085EBF27A7610B0088E3AB /* Show.swift in Sources */,
				B6085EC127A768590088E3AB /* Constants.swift in Sources */,
				B6085ECE27A86C530088E3AB /* Extensions.swift in Sources */,
				B68C7AED27A96F13002F75E8 /* EpisodeViewController.swift in Sources */,
				B6085ECB27A864C20088E3AB /* SearchTableViewCell.swift in Sources */,
			);
			runOnlyForDeploymentPostprocessing = 0;
		};
		B6085E9827A759B40088E3AB /* Sources */ = {
			isa = PBXSourcesBuildPhase;
			buildActionMask = 2147483647;
			files = (
			);
			runOnlyForDeploymentPostprocessing = 0;
		};
		B6085EA227A759B40088E3AB /* Sources */ = {
			isa = PBXSourcesBuildPhase;
			buildActionMask = 2147483647;
			files = (
			);
			runOnlyForDeploymentPostprocessing = 0;
		};
/* End PBXSourcesBuildPhase section */

/* Begin PBXTargetDependency section */
		B6085E9E27A759B40088E3AB /* PBXTargetDependency */ = {
			isa = PBXTargetDependency;
			target = B6085E8527A759B00088E3AB /* IOS Challenge - TV API */;
			targetProxy = B6085E9D27A759B40088E3AB /* PBXContainerItemProxy */;
		};
		B6085EA827A759B40088E3AB /* PBXTargetDependency */ = {
			isa = PBXTargetDependency;
			target = B6085E8527A759B00088E3AB /* IOS Challenge - TV API */;
			targetProxy = B6085EA727A759B40088E3AB /* PBXContainerItemProxy */;
		};
/* End PBXTargetDependency section */

/* Begin PBXVariantGroup section */
		B6085E8F27A759B00088E3AB /* Main.storyboard */ = {
			isa = PBXVariantGroup;
			children = (
				B6085E9027A759B00088E3AB /* Base */,
			);
			name = Main.storyboard;
			sourceTree = "<group>";
		};
		B6085E9427A759B30088E3AB /* LaunchScreen.storyboard */ = {
			isa = PBXVariantGroup;
			children = (
				B6085E9527A759B30088E3AB /* Base */,
			);
			name = LaunchScreen.storyboard;
			sourceTree = "<group>";
		};
/* End PBXVariantGroup section */

/* Begin XCBuildConfiguration section */
		B6085EAE27A759B40088E3AB /* Debug */ = {
			isa = XCBuildConfiguration;
			buildSettings = {
				ALWAYS_SEARCH_USER_PATHS = NO;
				CLANG_ANALYZER_NONNULL = YES;
				CLANG_ANALYZER_NUMBER_OBJECT_CONVERSION = YES_AGGRESSIVE;
				CLANG_CXX_LANGUAGE_STANDARD = "gnu++17";
				CLANG_CXX_LIBRARY = "libc++";
				CLANG_ENABLE_MODULES = YES;
				CLANG_ENABLE_OBJC_ARC = YES;
				CLANG_ENABLE_OBJC_WEAK = YES;
				CLANG_WARN_BLOCK_CAPTURE_AUTORELEASING = YES;
				CLANG_WARN_BOOL_CONVERSION = YES;
				CLANG_WARN_COMMA = YES;
				CLANG_WARN_CONSTANT_CONVERSION = YES;
				CLANG_WARN_DEPRECATED_OBJC_IMPLEMENTATIONS = YES;
				CLANG_WARN_DIRECT_OBJC_ISA_USAGE = YES_ERROR;
				CLANG_WARN_DOCUMENTATION_COMMENTS = YES;
				CLANG_WARN_EMPTY_BODY = YES;
				CLANG_WARN_ENUM_CONVERSION = YES;
				CLANG_WARN_INFINITE_RECURSION = YES;
				CLANG_WARN_INT_CONVERSION = YES;
				CLANG_WARN_NON_LITERAL_NULL_CONVERSION = YES;
				CLANG_WARN_OBJC_IMPLICIT_RETAIN_SELF = YES;
				CLANG_WARN_OBJC_LITERAL_CONVERSION = YES;
				CLANG_WARN_OBJC_ROOT_CLASS = YES_ERROR;
				CLANG_WARN_QUOTED_INCLUDE_IN_FRAMEWORK_HEADER = YES;
				CLANG_WARN_RANGE_LOOP_ANALYSIS = YES;
				CLANG_WARN_STRICT_PROTOTYPES = YES;
				CLANG_WARN_SUSPICIOUS_MOVE = YES;
				CLANG_WARN_UNGUARDED_AVAILABILITY = YES_AGGRESSIVE;
				CLANG_WARN_UNREACHABLE_CODE = YES;
				CLANG_WARN__DUPLICATE_METHOD_MATCH = YES;
				COPY_PHASE_STRIP = NO;
				DEBUG_INFORMATION_FORMAT = dwarf;
				ENABLE_STRICT_OBJC_MSGSEND = YES;
				ENABLE_TESTABILITY = YES;
				GCC_C_LANGUAGE_STANDARD = gnu11;
				GCC_DYNAMIC_NO_PIC = NO;
				GCC_NO_COMMON_BLOCKS = YES;
				GCC_OPTIMIZATION_LEVEL = 0;
				GCC_PREPROCESSOR_DEFINITIONS = (
					"DEBUG=1",
					"$(inherited)",
				);
				GCC_WARN_64_TO_32_BIT_CONVERSION = YES;
				GCC_WARN_ABOUT_RETURN_TYPE = YES_ERROR;
				GCC_WARN_UNDECLARED_SELECTOR = YES;
				GCC_WARN_UNINITIALIZED_AUTOS = YES_AGGRESSIVE;
				GCC_WARN_UNUSED_FUNCTION = YES;
				GCC_WARN_UNUSED_VARIABLE = YES;
				IPHONEOS_DEPLOYMENT_TARGET = 15.2;
				MTL_ENABLE_DEBUG_INFO = INCLUDE_SOURCE;
				MTL_FAST_MATH = YES;
				ONLY_ACTIVE_ARCH = YES;
				SDKROOT = iphoneos;
				SWIFT_ACTIVE_COMPILATION_CONDITIONS = DEBUG;
				SWIFT_OPTIMIZATION_LEVEL = "-Onone";
			};
			name = Debug;
		};
		B6085EAF27A759B40088E3AB /* Release */ = {
			isa = XCBuildConfiguration;
			buildSettings = {
				ALWAYS_SEARCH_USER_PATHS = NO;
				CLANG_ANALYZER_NONNULL = YES;
				CLANG_ANALYZER_NUMBER_OBJECT_CONVERSION = YES_AGGRESSIVE;
				CLANG_CXX_LANGUAGE_STANDARD = "gnu++17";
				CLANG_CXX_LIBRARY = "libc++";
				CLANG_ENABLE_MODULES = YES;
				CLANG_ENABLE_OBJC_ARC = YES;
				CLANG_ENABLE_OBJC_WEAK = YES;
				CLANG_WARN_BLOCK_CAPTURE_AUTORELEASING = YES;
				CLANG_WARN_BOOL_CONVERSION = YES;
				CLANG_WARN_COMMA = YES;
				CLANG_WARN_CONSTANT_CONVERSION = YES;
				CLANG_WARN_DEPRECATED_OBJC_IMPLEMENTATIONS = YES;
				CLANG_WARN_DIRECT_OBJC_ISA_USAGE = YES_ERROR;
				CLANG_WARN_DOCUMENTATION_COMMENTS = YES;
				CLANG_WARN_EMPTY_BODY = YES;
				CLANG_WARN_ENUM_CONVERSION = YES;
				CLANG_WARN_INFINITE_RECURSION = YES;
				CLANG_WARN_INT_CONVERSION = YES;
				CLANG_WARN_NON_LITERAL_NULL_CONVERSION = YES;
				CLANG_WARN_OBJC_IMPLICIT_RETAIN_SELF = YES;
				CLANG_WARN_OBJC_LITERAL_CONVERSION = YES;
				CLANG_WARN_OBJC_ROOT_CLASS = YES_ERROR;
				CLANG_WARN_QUOTED_INCLUDE_IN_FRAMEWORK_HEADER = YES;
				CLANG_WARN_RANGE_LOOP_ANALYSIS = YES;
				CLANG_WARN_STRICT_PROTOTYPES = YES;
				CLANG_WARN_SUSPICIOUS_MOVE = YES;
				CLANG_WARN_UNGUARDED_AVAILABILITY = YES_AGGRESSIVE;
				CLANG_WARN_UNREACHABLE_CODE = YES;
				CLANG_WARN__DUPLICATE_METHOD_MATCH = YES;
				COPY_PHASE_STRIP = NO;
				DEBUG_INFORMATION_FORMAT = "dwarf-with-dsym";
				ENABLE_NS_ASSERTIONS = NO;
				ENABLE_STRICT_OBJC_MSGSEND = YES;
				GCC_C_LANGUAGE_STANDARD = gnu11;
				GCC_NO_COMMON_BLOCKS = YES;
				GCC_WARN_64_TO_32_BIT_CONVERSION = YES;
				GCC_WARN_ABOUT_RETURN_TYPE = YES_ERROR;
				GCC_WARN_UNDECLARED_SELECTOR = YES;
				GCC_WARN_UNINITIALIZED_AUTOS = YES_AGGRESSIVE;
				GCC_WARN_UNUSED_FUNCTION = YES;
				GCC_WARN_UNUSED_VARIABLE = YES;
				IPHONEOS_DEPLOYMENT_TARGET = 15.2;
				MTL_ENABLE_DEBUG_INFO = NO;
				MTL_FAST_MATH = YES;
				SDKROOT = iphoneos;
				SWIFT_COMPILATION_MODE = wholemodule;
				SWIFT_OPTIMIZATION_LEVEL = "-O";
				VALIDATE_PRODUCT = YES;
			};
			name = Release;
		};
		B6085EB127A759B40088E3AB /* Debug */ = {
			isa = XCBuildConfiguration;
			buildSettings = {
				ASSETCATALOG_COMPILER_APPICON_NAME = AppIcon;
				ASSETCATALOG_COMPILER_GLOBAL_ACCENT_COLOR_NAME = AccentColor;
				CODE_SIGN_STYLE = Automatic;
				CURRENT_PROJECT_VERSION = 1;
				DEVELOPMENT_TEAM = F88DY6S927;
				GENERATE_INFOPLIST_FILE = YES;
				INFOPLIST_FILE = "IOS Challenge - TV API/Info.plist";
				INFOPLIST_KEY_UIApplicationSupportsIndirectInputEvents = YES;
				INFOPLIST_KEY_UILaunchStoryboardName = LaunchScreen;
				INFOPLIST_KEY_UIMainStoryboardFile = Main;
				INFOPLIST_KEY_UISupportedInterfaceOrientations_iPad = "UIInterfaceOrientationPortrait UIInterfaceOrientationPortraitUpsideDown UIInterfaceOrientationLandscapeLeft UIInterfaceOrientationLandscapeRight";
				INFOPLIST_KEY_UISupportedInterfaceOrientations_iPhone = "UIInterfaceOrientationPortrait UIInterfaceOrientationLandscapeLeft UIInterfaceOrientationLandscapeRight";
				LD_RUNPATH_SEARCH_PATHS = (
					"$(inherited)",
					"@executable_path/Frameworks",
				);
				MARKETING_VERSION = 1.0;
				PRODUCT_BUNDLE_IDENTIFIER = "Javorski.IOS-Challenge---TV-API";
				PRODUCT_NAME = "$(TARGET_NAME)";
				SWIFT_EMIT_LOC_STRINGS = YES;
				SWIFT_VERSION = 5.0;
				TARGETED_DEVICE_FAMILY = "1,2";
			};
			name = Debug;
		};
		B6085EB227A759B40088E3AB /* Release */ = {
			isa = XCBuildConfiguration;
			buildSettings = {
				ASSETCATALOG_COMPILER_APPICON_NAME = AppIcon;
				ASSETCATALOG_COMPILER_GLOBAL_ACCENT_COLOR_NAME = AccentColor;
				CODE_SIGN_STYLE = Automatic;
				CURRENT_PROJECT_VERSION = 1;
				DEVELOPMENT_TEAM = F88DY6S927;
				GENERATE_INFOPLIST_FILE = YES;
				INFOPLIST_FILE = "IOS Challenge - TV API/Info.plist";
				INFOPLIST_KEY_UIApplicationSupportsIndirectInputEvents = YES;
				INFOPLIST_KEY_UILaunchStoryboardName = LaunchScreen;
				INFOPLIST_KEY_UIMainStoryboardFile = Main;
				INFOPLIST_KEY_UISupportedInterfaceOrientations_iPad = "UIInterfaceOrientationPortrait UIInterfaceOrientationPortraitUpsideDown UIInterfaceOrientationLandscapeLeft UIInterfaceOrientationLandscapeRight";
				INFOPLIST_KEY_UISupportedInterfaceOrientations_iPhone = "UIInterfaceOrientationPortrait UIInterfaceOrientationLandscapeLeft UIInterfaceOrientationLandscapeRight";
				LD_RUNPATH_SEARCH_PATHS = (
					"$(inherited)",
					"@executable_path/Frameworks",
				);
				MARKETING_VERSION = 1.0;
				PRODUCT_BUNDLE_IDENTIFIER = "Javorski.IOS-Challenge---TV-API";
				PRODUCT_NAME = "$(TARGET_NAME)";
				SWIFT_EMIT_LOC_STRINGS = YES;
				SWIFT_VERSION = 5.0;
				TARGETED_DEVICE_FAMILY = "1,2";
			};
			name = Release;
		};
		B6085EB427A759B40088E3AB /* Debug */ = {
			isa = XCBuildConfiguration;
			buildSettings = {
				ALWAYS_EMBED_SWIFT_STANDARD_LIBRARIES = YES;
				BUNDLE_LOADER = "$(TEST_HOST)";
				CODE_SIGN_STYLE = Automatic;
				CURRENT_PROJECT_VERSION = 1;
				DEVELOPMENT_TEAM = F88DY6S927;
				GENERATE_INFOPLIST_FILE = YES;
				IPHONEOS_DEPLOYMENT_TARGET = 15.2;
				MARKETING_VERSION = 1.0;
				PRODUCT_BUNDLE_IDENTIFIER = "Javorski.IOS-Challenge---TV-APITests";
				PRODUCT_NAME = "$(TARGET_NAME)";
				SWIFT_EMIT_LOC_STRINGS = NO;
				SWIFT_VERSION = 5.0;
				TARGETED_DEVICE_FAMILY = "1,2";
				TEST_HOST = "$(BUILT_PRODUCTS_DIR)/IOS Challenge - TV API.app/IOS Challenge - TV API";
			};
			name = Debug;
		};
		B6085EB527A759B40088E3AB /* Release */ = {
			isa = XCBuildConfiguration;
			buildSettings = {
				ALWAYS_EMBED_SWIFT_STANDARD_LIBRARIES = YES;
				BUNDLE_LOADER = "$(TEST_HOST)";
				CODE_SIGN_STYLE = Automatic;
				CURRENT_PROJECT_VERSION = 1;
				DEVELOPMENT_TEAM = F88DY6S927;
				GENERATE_INFOPLIST_FILE = YES;
				IPHONEOS_DEPLOYMENT_TARGET = 15.2;
				MARKETING_VERSION = 1.0;
				PRODUCT_BUNDLE_IDENTIFIER = "Javorski.IOS-Challenge---TV-APITests";
				PRODUCT_NAME = "$(TARGET_NAME)";
				SWIFT_EMIT_LOC_STRINGS = NO;
				SWIFT_VERSION = 5.0;
				TARGETED_DEVICE_FAMILY = "1,2";
				TEST_HOST = "$(BUILT_PRODUCTS_DIR)/IOS Challenge - TV API.app/IOS Challenge - TV API";
			};
			name = Release;
		};
		B6085EB727A759B40088E3AB /* Debug */ = {
			isa = XCBuildConfiguration;
			buildSettings = {
				ALWAYS_EMBED_SWIFT_STANDARD_LIBRARIES = YES;
				CODE_SIGN_STYLE = Automatic;
				CURRENT_PROJECT_VERSION = 1;
				DEVELOPMENT_TEAM = F88DY6S927;
				GENERATE_INFOPLIST_FILE = YES;
				MARKETING_VERSION = 1.0;
				PRODUCT_BUNDLE_IDENTIFIER = "Javorski.IOS-Challenge---TV-APIUITests";
				PRODUCT_NAME = "$(TARGET_NAME)";
				SWIFT_EMIT_LOC_STRINGS = NO;
				SWIFT_VERSION = 5.0;
				TARGETED_DEVICE_FAMILY = "1,2";
				TEST_TARGET_NAME = "IOS Challenge - TV API";
			};
			name = Debug;
		};
		B6085EB827A759B40088E3AB /* Release */ = {
			isa = XCBuildConfiguration;
			buildSettings = {
				ALWAYS_EMBED_SWIFT_STANDARD_LIBRARIES = YES;
				CODE_SIGN_STYLE = Automatic;
				CURRENT_PROJECT_VERSION = 1;
				DEVELOPMENT_TEAM = F88DY6S927;
				GENERATE_INFOPLIST_FILE = YES;
				MARKETING_VERSION = 1.0;
				PRODUCT_BUNDLE_IDENTIFIER = "Javorski.IOS-Challenge---TV-APIUITests";
				PRODUCT_NAME = "$(TARGET_NAME)";
				SWIFT_EMIT_LOC_STRINGS = NO;
				SWIFT_VERSION = 5.0;
				TARGETED_DEVICE_FAMILY = "1,2";
				TEST_TARGET_NAME = "IOS Challenge - TV API";
			};
			name = Release;
		};
/* End XCBuildConfiguration section */

/* Begin XCConfigurationList section */
		B6085E8127A759B00088E3AB /* Build configuration list for PBXProject "IOS Challenge - TV API" */ = {
			isa = XCConfigurationList;
			buildConfigurations = (
				B6085EAE27A759B40088E3AB /* Debug */,
				B6085EAF27A759B40088E3AB /* Release */,
			);
			defaultConfigurationIsVisible = 0;
			defaultConfigurationName = Release;
		};
		B6085EB027A759B40088E3AB /* Build configuration list for PBXNativeTarget "IOS Challenge - TV API" */ = {
			isa = XCConfigurationList;
			buildConfigurations = (
				B6085EB127A759B40088E3AB /* Debug */,
				B6085EB227A759B40088E3AB /* Release */,
			);
			defaultConfigurationIsVisible = 0;
			defaultConfigurationName = Release;
		};
		B6085EB327A759B40088E3AB /* Build configuration list for PBXNativeTarget "IOS Challenge - TV APITests" */ = {
			isa = XCConfigurationList;
			buildConfigurations = (
				B6085EB427A759B40088E3AB /* Debug */,
				B6085EB527A759B40088E3AB /* Release */,
			);
			defaultConfigurationIsVisible = 0;
			defaultConfigurationName = Release;
		};
		B6085EB627A759B40088E3AB /* Build configuration list for PBXNativeTarget "IOS Challenge - TV APIUITests" */ = {
			isa = XCConfigurationList;
			buildConfigurations = (
				B6085EB727A759B40088E3AB /* Debug */,
				B6085EB827A759B40088E3AB /* Release */,
			);
			defaultConfigurationIsVisible = 0;
			defaultConfigurationName = Release;
		};
/* End XCConfigurationList section */
	};
	rootObject = B6085E7E27A759B00088E3AB /* Project object */;
}
